// !$*UTF8*$!
{
	archiveVersion = 1;
	classes = {
	};
	objectVersion = 50;
	objects = {

/* Begin PBXBuildFile section */
		00247E3B25FE36F000A3E2CB /* Queue.swift in Sources */ = {isa = PBXBuildFile; fileRef = 00247E3A25FE36F000A3E2CB /* Queue.swift */; };
		00247E3F25FE3AF000A3E2CB /* PopupLog.swift in Sources */ = {isa = PBXBuildFile; fileRef = 00247E3E25FE3AF000A3E2CB /* PopupLog.swift */; };
		236C7B0F24FDFC7A00BA9238 /* AppDelegate.swift in Sources */ = {isa = PBXBuildFile; fileRef = 236C7B0E24FDFC7A00BA9238 /* AppDelegate.swift */; };
		236C7B1124FDFC7A00BA9238 /* SceneDelegate.swift in Sources */ = {isa = PBXBuildFile; fileRef = 236C7B1024FDFC7A00BA9238 /* SceneDelegate.swift */; };
		236C7B1324FDFC7A00BA9238 /* ViewController.swift in Sources */ = {isa = PBXBuildFile; fileRef = 236C7B1224FDFC7A00BA9238 /* ViewController.swift */; };
		236C7B1624FDFC7A00BA9238 /* Main.storyboard in Resources */ = {isa = PBXBuildFile; fileRef = 236C7B1424FDFC7A00BA9238 /* Main.storyboard */; };
		236C7B1824FDFC7C00BA9238 /* Assets.xcassets in Resources */ = {isa = PBXBuildFile; fileRef = 236C7B1724FDFC7C00BA9238 /* Assets.xcassets */; };
		236C7B1B24FDFC7C00BA9238 /* LaunchScreen.storyboard in Resources */ = {isa = PBXBuildFile; fileRef = 236C7B1924FDFC7C00BA9238 /* LaunchScreen.storyboard */; };
		236C7B2624FDFC7C00BA9238 /* PopupQueueTests.swift in Sources */ = {isa = PBXBuildFile; fileRef = 236C7B2524FDFC7C00BA9238 /* PopupQueueTests.swift */; };
		236C7B3B24FF30DF00BA9238 /* Extension.swift in Sources */ = {isa = PBXBuildFile; fileRef = 236C7B3924FF30DF00BA9238 /* Extension.swift */; };
		236C7B3C24FF30DF00BA9238 /* PopupQueue.swift in Sources */ = {isa = PBXBuildFile; fileRef = 236C7B3A24FF30DF00BA9238 /* PopupQueue.swift */; };
		236C7B3F24FF32C300BA9238 /* DemoAlert1.swift in Sources */ = {isa = PBXBuildFile; fileRef = 236C7B3E24FF32C300BA9238 /* DemoAlert1.swift */; };
		236C7B4124FF37B600BA9238 /* DemoAlert2.swift in Sources */ = {isa = PBXBuildFile; fileRef = 236C7B4024FF37B600BA9238 /* DemoAlert2.swift */; };
		236C7B4324FF396B00BA9238 /* DemoAlert3.swift in Sources */ = {isa = PBXBuildFile; fileRef = 236C7B4224FF396B00BA9238 /* DemoAlert3.swift */; };
		236C7B4524FF3A7E00BA9238 /* SecondViewController.swift in Sources */ = {isa = PBXBuildFile; fileRef = 236C7B4424FF3A7E00BA9238 /* SecondViewController.swift */; };
/* End PBXBuildFile section */

/* Begin PBXContainerItemProxy section */
		236C7B2224FDFC7C00BA9238 /* PBXContainerItemProxy */ = {
			isa = PBXContainerItemProxy;
			containerPortal = 236C7B0324FDFC7A00BA9238 /* Project object */;
			proxyType = 1;
			remoteGlobalIDString = 236C7B0A24FDFC7A00BA9238;
			remoteInfo = PopupQueue;
		};
/* End PBXContainerItemProxy section */

/* Begin PBXFileReference section */
		00247E3A25FE36F000A3E2CB /* Queue.swift */ = {isa = PBXFileReference; lastKnownFileType = sourcecode.swift; path = Queue.swift; sourceTree = "<group>"; };
		00247E3E25FE3AF000A3E2CB /* PopupLog.swift */ = {isa = PBXFileReference; lastKnownFileType = sourcecode.swift; path = PopupLog.swift; sourceTree = "<group>"; };
		236C7B0B24FDFC7A00BA9238 /* PopupQueue.app */ = {isa = PBXFileReference; explicitFileType = wrapper.application; includeInIndex = 0; path = PopupQueue.app; sourceTree = BUILT_PRODUCTS_DIR; };
		236C7B0E24FDFC7A00BA9238 /* AppDelegate.swift */ = {isa = PBXFileReference; lastKnownFileType = sourcecode.swift; path = AppDelegate.swift; sourceTree = "<group>"; };
		236C7B1024FDFC7A00BA9238 /* SceneDelegate.swift */ = {isa = PBXFileReference; lastKnownFileType = sourcecode.swift; path = SceneDelegate.swift; sourceTree = "<group>"; };
		236C7B1224FDFC7A00BA9238 /* ViewController.swift */ = {isa = PBXFileReference; lastKnownFileType = sourcecode.swift; path = ViewController.swift; sourceTree = "<group>"; };
		236C7B1524FDFC7A00BA9238 /* Base */ = {isa = PBXFileReference; lastKnownFileType = file.storyboard; name = Base; path = Base.lproj/Main.storyboard; sourceTree = "<group>"; };
		236C7B1724FDFC7C00BA9238 /* Assets.xcassets */ = {isa = PBXFileReference; lastKnownFileType = folder.assetcatalog; path = Assets.xcassets; sourceTree = "<group>"; };
		236C7B1A24FDFC7C00BA9238 /* Base */ = {isa = PBXFileReference; lastKnownFileType = file.storyboard; name = Base; path = Base.lproj/LaunchScreen.storyboard; sourceTree = "<group>"; };
		236C7B1C24FDFC7C00BA9238 /* Info.plist */ = {isa = PBXFileReference; lastKnownFileType = text.plist.xml; path = Info.plist; sourceTree = "<group>"; };
		236C7B2124FDFC7C00BA9238 /* PopupQueueTests.xctest */ = {isa = PBXFileReference; explicitFileType = wrapper.cfbundle; includeInIndex = 0; path = PopupQueueTests.xctest; sourceTree = BUILT_PRODUCTS_DIR; };
		236C7B2524FDFC7C00BA9238 /* PopupQueueTests.swift */ = {isa = PBXFileReference; lastKnownFileType = sourcecode.swift; path = PopupQueueTests.swift; sourceTree = "<group>"; };
		236C7B2724FDFC7C00BA9238 /* Info.plist */ = {isa = PBXFileReference; lastKnownFileType = text.plist.xml; path = Info.plist; sourceTree = "<group>"; };
		236C7B3924FF30DF00BA9238 /* Extension.swift */ = {isa = PBXFileReference; fileEncoding = 4; lastKnownFileType = sourcecode.swift; path = Extension.swift; sourceTree = "<group>"; };
		236C7B3A24FF30DF00BA9238 /* PopupQueue.swift */ = {isa = PBXFileReference; fileEncoding = 4; lastKnownFileType = sourcecode.swift; path = PopupQueue.swift; sourceTree = "<group>"; };
		236C7B3E24FF32C300BA9238 /* DemoAlert1.swift */ = {isa = PBXFileReference; lastKnownFileType = sourcecode.swift; path = DemoAlert1.swift; sourceTree = "<group>"; };
		236C7B4024FF37B600BA9238 /* DemoAlert2.swift */ = {isa = PBXFileReference; lastKnownFileType = sourcecode.swift; path = DemoAlert2.swift; sourceTree = "<group>"; };
		236C7B4224FF396B00BA9238 /* DemoAlert3.swift */ = {isa = PBXFileReference; lastKnownFileType = sourcecode.swift; path = DemoAlert3.swift; sourceTree = "<group>"; };
		236C7B4424FF3A7E00BA9238 /* SecondViewController.swift */ = {isa = PBXFileReference; lastKnownFileType = sourcecode.swift; path = SecondViewController.swift; sourceTree = "<group>"; };
/* End PBXFileReference section */

/* Begin PBXFrameworksBuildPhase section */
		236C7B0824FDFC7A00BA9238 /* Frameworks */ = {
			isa = PBXFrameworksBuildPhase;
			buildActionMask = 2147483647;
			files = (
			);
			runOnlyForDeploymentPostprocessing = 0;
		};
		236C7B1E24FDFC7C00BA9238 /* Frameworks */ = {
			isa = PBXFrameworksBuildPhase;
			buildActionMask = 2147483647;
			files = (
			);
			runOnlyForDeploymentPostprocessing = 0;
		};
/* End PBXFrameworksBuildPhase section */

/* Begin PBXGroup section */
		236C7B0224FDFC7A00BA9238 = {
			isa = PBXGroup;
			children = (
				236C7B0D24FDFC7A00BA9238 /* PopupQueue */,
				236C7B2424FDFC7C00BA9238 /* PopupQueueTests */,
				236C7B0C24FDFC7A00BA9238 /* Products */,
			);
			sourceTree = "<group>";
		};
		236C7B0C24FDFC7A00BA9238 /* Products */ = {
			isa = PBXGroup;
			children = (
				236C7B0B24FDFC7A00BA9238 /* PopupQueue.app */,
				236C7B2124FDFC7C00BA9238 /* PopupQueueTests.xctest */,
			);
			name = Products;
			sourceTree = "<group>";
		};
		236C7B0D24FDFC7A00BA9238 /* PopupQueue */ = {
			isa = PBXGroup;
			children = (
				236C7B3824FF30DF00BA9238 /* Source */,
				236C7B0E24FDFC7A00BA9238 /* AppDelegate.swift */,
				236C7B1024FDFC7A00BA9238 /* SceneDelegate.swift */,
				236C7B1224FDFC7A00BA9238 /* ViewController.swift */,
				236C7B4424FF3A7E00BA9238 /* SecondViewController.swift */,
				236C7B3D24FF327600BA9238 /* Popups */,
				236C7B1424FDFC7A00BA9238 /* Main.storyboard */,
				236C7B1724FDFC7C00BA9238 /* Assets.xcassets */,
				236C7B1924FDFC7C00BA9238 /* LaunchScreen.storyboard */,
				236C7B1C24FDFC7C00BA9238 /* Info.plist */,
			);
			path = PopupQueue;
			sourceTree = "<group>";
		};
		236C7B2424FDFC7C00BA9238 /* PopupQueueTests */ = {
			isa = PBXGroup;
			children = (
				236C7B2524FDFC7C00BA9238 /* PopupQueueTests.swift */,
				236C7B2724FDFC7C00BA9238 /* Info.plist */,
			);
			path = PopupQueueTests;
			sourceTree = "<group>";
		};
		236C7B3824FF30DF00BA9238 /* Source */ = {
			isa = PBXGroup;
			children = (
				236C7B3924FF30DF00BA9238 /* Extension.swift */,
				00247E3A25FE36F000A3E2CB /* Queue.swift */,
				00247E3E25FE3AF000A3E2CB /* PopupLog.swift */,
				236C7B3A24FF30DF00BA9238 /* PopupQueue.swift */,
			);
			path = Source;
			sourceTree = SOURCE_ROOT;
		};
		236C7B3D24FF327600BA9238 /* Popups */ = {
			isa = PBXGroup;
			children = (
				236C7B3E24FF32C300BA9238 /* DemoAlert1.swift */,
				236C7B4024FF37B600BA9238 /* DemoAlert2.swift */,
				236C7B4224FF396B00BA9238 /* DemoAlert3.swift */,
			);
			path = Popups;
			sourceTree = "<group>";
		};
/* End PBXGroup section */

/* Begin PBXNativeTarget section */
		236C7B0A24FDFC7A00BA9238 /* PopupQueue */ = {
			isa = PBXNativeTarget;
			buildConfigurationList = 236C7B2A24FDFC7C00BA9238 /* Build configuration list for PBXNativeTarget "PopupQueue" */;
			buildPhases = (
				236C7B0724FDFC7A00BA9238 /* Sources */,
				236C7B0824FDFC7A00BA9238 /* Frameworks */,
				236C7B0924FDFC7A00BA9238 /* Resources */,
			);
			buildRules = (
			);
			dependencies = (
			);
			name = PopupQueue;
			productName = PopupQueue;
			productReference = 236C7B0B24FDFC7A00BA9238 /* PopupQueue.app */;
			productType = "com.apple.product-type.application";
		};
		236C7B2024FDFC7C00BA9238 /* PopupQueueTests */ = {
			isa = PBXNativeTarget;
			buildConfigurationList = 236C7B2D24FDFC7C00BA9238 /* Build configuration list for PBXNativeTarget "PopupQueueTests" */;
			buildPhases = (
				236C7B1D24FDFC7C00BA9238 /* Sources */,
				236C7B1E24FDFC7C00BA9238 /* Frameworks */,
				236C7B1F24FDFC7C00BA9238 /* Resources */,
			);
			buildRules = (
			);
			dependencies = (
				236C7B2324FDFC7C00BA9238 /* PBXTargetDependency */,
			);
			name = PopupQueueTests;
			productName = PopupQueueTests;
			productReference = 236C7B2124FDFC7C00BA9238 /* PopupQueueTests.xctest */;
			productType = "com.apple.product-type.bundle.unit-test";
		};
/* End PBXNativeTarget section */

/* Begin PBXProject section */
		236C7B0324FDFC7A00BA9238 /* Project object */ = {
			isa = PBXProject;
			attributes = {
				LastSwiftUpdateCheck = 1130;
				LastUpgradeCheck = 1130;
				ORGANIZATIONNAME = com.liangliang;
				TargetAttributes = {
					236C7B0A24FDFC7A00BA9238 = {
						CreatedOnToolsVersion = 11.3.1;
					};
					236C7B2024FDFC7C00BA9238 = {
						CreatedOnToolsVersion = 11.3.1;
						TestTargetID = 236C7B0A24FDFC7A00BA9238;
					};
				};
			};
			buildConfigurationList = 236C7B0624FDFC7A00BA9238 /* Build configuration list for PBXProject "PopupQueue" */;
			compatibilityVersion = "Xcode 9.3";
			developmentRegion = en;
			hasScannedForEncodings = 0;
			knownRegions = (
				en,
				Base,
			);
			mainGroup = 236C7B0224FDFC7A00BA9238;
			productRefGroup = 236C7B0C24FDFC7A00BA9238 /* Products */;
			projectDirPath = "";
			projectRoot = "";
			targets = (
				236C7B0A24FDFC7A00BA9238 /* PopupQueue */,
				236C7B2024FDFC7C00BA9238 /* PopupQueueTests */,
			);
		};
/* End PBXProject section */

/* Begin PBXResourcesBuildPhase section */
		236C7B0924FDFC7A00BA9238 /* Resources */ = {
			isa = PBXResourcesBuildPhase;
			buildActionMask = 2147483647;
			files = (
				236C7B1B24FDFC7C00BA9238 /* LaunchScreen.storyboard in Resources */,
				236C7B1824FDFC7C00BA9238 /* Assets.xcassets in Resources */,
				236C7B1624FDFC7A00BA9238 /* Main.storyboard in Resources */,
			);
			runOnlyForDeploymentPostprocessing = 0;
		};
		236C7B1F24FDFC7C00BA9238 /* Resources */ = {
			isa = PBXResourcesBuildPhase;
			buildActionMask = 2147483647;
			files = (
			);
			runOnlyForDeploymentPostprocessing = 0;
		};
/* End PBXResourcesBuildPhase section */

/* Begin PBXSourcesBuildPhase section */
		236C7B0724FDFC7A00BA9238 /* Sources */ = {
			isa = PBXSourcesBuildPhase;
			buildActionMask = 2147483647;
			files = (
				236C7B1324FDFC7A00BA9238 /* ViewController.swift in Sources */,
				236C7B0F24FDFC7A00BA9238 /* AppDelegate.swift in Sources */,
				236C7B1124FDFC7A00BA9238 /* SceneDelegate.swift in Sources */,
				236C7B4524FF3A7E00BA9238 /* SecondViewController.swift in Sources */,
				236C7B4324FF396B00BA9238 /* DemoAlert3.swift in Sources */,
				00247E3B25FE36F000A3E2CB /* Queue.swift in Sources */,
				236C7B3F24FF32C300BA9238 /* DemoAlert1.swift in Sources */,
				00247E3F25FE3AF000A3E2CB /* PopupLog.swift in Sources */,
				236C7B4124FF37B600BA9238 /* DemoAlert2.swift in Sources */,
				236C7B3B24FF30DF00BA9238 /* Extension.swift in Sources */,
				236C7B3C24FF30DF00BA9238 /* PopupQueue.swift in Sources */,
			);
			runOnlyForDeploymentPostprocessing = 0;
		};
		236C7B1D24FDFC7C00BA9238 /* Sources */ = {
			isa = PBXSourcesBuildPhase;
			buildActionMask = 2147483647;
			files = (
				236C7B2624FDFC7C00BA9238 /* PopupQueueTests.swift in Sources */,
			);
			runOnlyForDeploymentPostprocessing = 0;
		};
/* End PBXSourcesBuildPhase section */

/* Begin PBXTargetDependency section */
		236C7B2324FDFC7C00BA9238 /* PBXTargetDependency */ = {
			isa = PBXTargetDependency;
			target = 236C7B0A24FDFC7A00BA9238 /* PopupQueue */;
			targetProxy = 236C7B2224FDFC7C00BA9238 /* PBXContainerItemProxy */;
		};
/* End PBXTargetDependency section */

/* Begin PBXVariantGroup section */
		236C7B1424FDFC7A00BA9238 /* Main.storyboard */ = {
			isa = PBXVariantGroup;
			children = (
				236C7B1524FDFC7A00BA9238 /* Base */,
			);
			name = Main.storyboard;
			sourceTree = "<group>";
		};
		236C7B1924FDFC7C00BA9238 /* LaunchScreen.storyboard */ = {
			isa = PBXVariantGroup;
			children = (
				236C7B1A24FDFC7C00BA9238 /* Base */,
			);
			name = LaunchScreen.storyboard;
			sourceTree = "<group>";
		};
/* End PBXVariantGroup section */

/* Begin XCBuildConfiguration section */
		236C7B2824FDFC7C00BA9238 /* Debug */ = {
			isa = XCBuildConfiguration;
			buildSettings = {
				ALWAYS_SEARCH_USER_PATHS = NO;
				CLANG_ANALYZER_NONNULL = YES;
				CLANG_ANALYZER_NUMBER_OBJECT_CONVERSION = YES_AGGRESSIVE;
				CLANG_CXX_LANGUAGE_STANDARD = "gnu++14";
				CLANG_CXX_LIBRARY = "libc++";
				CLANG_ENABLE_MODULES = YES;
				CLANG_ENABLE_OBJC_ARC = YES;
				CLANG_ENABLE_OBJC_WEAK = YES;
				CLANG_WARN_BLOCK_CAPTURE_AUTORELEASING = YES;
				CLANG_WARN_BOOL_CONVERSION = YES;
				CLANG_WARN_COMMA = YES;
				CLANG_WARN_CONSTANT_CONVERSION = YES;
				CLANG_WARN_DEPRECATED_OBJC_IMPLEMENTATIONS = YES;
				CLANG_WARN_DIRECT_OBJC_ISA_USAGE = YES_ERROR;
				CLANG_WARN_DOCUMENTATION_COMMENTS = YES;
				CLANG_WARN_EMPTY_BODY = YES;
				CLANG_WARN_ENUM_CONVERSION = YES;
				CLANG_WARN_INFINITE_RECURSION = YES;
				CLANG_WARN_INT_CONVERSION = YES;
				CLANG_WARN_NON_LITERAL_NULL_CONVERSION = YES;
				CLANG_WARN_OBJC_IMPLICIT_RETAIN_SELF = YES;
				CLANG_WARN_OBJC_LITERAL_CONVERSION = YES;
				CLANG_WARN_OBJC_ROOT_CLASS = YES_ERROR;
				CLANG_WARN_RANGE_LOOP_ANALYSIS = YES;
				CLANG_WARN_STRICT_PROTOTYPES = YES;
				CLANG_WARN_SUSPICIOUS_MOVE = YES;
				CLANG_WARN_UNGUARDED_AVAILABILITY = YES_AGGRESSIVE;
				CLANG_WARN_UNREACHABLE_CODE = YES;
				CLANG_WARN__DUPLICATE_METHOD_MATCH = YES;
				COPY_PHASE_STRIP = NO;
				DEBUG_INFORMATION_FORMAT = dwarf;
				ENABLE_STRICT_OBJC_MSGSEND = YES;
				ENABLE_TESTABILITY = YES;
				GCC_C_LANGUAGE_STANDARD = gnu11;
				GCC_DYNAMIC_NO_PIC = NO;
				GCC_NO_COMMON_BLOCKS = YES;
				GCC_OPTIMIZATION_LEVEL = 0;
				GCC_PREPROCESSOR_DEFINITIONS = (
					"DEBUG=1",
					"$(inherited)",
				);
				GCC_WARN_64_TO_32_BIT_CONVERSION = YES;
				GCC_WARN_ABOUT_RETURN_TYPE = YES_ERROR;
				GCC_WARN_UNDECLARED_SELECTOR = YES;
				GCC_WARN_UNINITIALIZED_AUTOS = YES_AGGRESSIVE;
				GCC_WARN_UNUSED_FUNCTION = YES;
				GCC_WARN_UNUSED_VARIABLE = YES;
				IPHONEOS_DEPLOYMENT_TARGET = 13.2;
				MTL_ENABLE_DEBUG_INFO = INCLUDE_SOURCE;
				MTL_FAST_MATH = YES;
				ONLY_ACTIVE_ARCH = YES;
				SDKROOT = iphoneos;
				SWIFT_ACTIVE_COMPILATION_CONDITIONS = DEBUG;
				SWIFT_OPTIMIZATION_LEVEL = "-Onone";
			};
			name = Debug;
		};
		236C7B2924FDFC7C00BA9238 /* Release */ = {
			isa = XCBuildConfiguration;
			buildSettings = {
				ALWAYS_SEARCH_USER_PATHS = NO;
				CLANG_ANALYZER_NONNULL = YES;
				CLANG_ANALYZER_NUMBER_OBJECT_CONVERSION = YES_AGGRESSIVE;
				CLANG_CXX_LANGUAGE_STANDARD = "gnu++14";
				CLANG_CXX_LIBRARY = "libc++";
				CLANG_ENABLE_MODULES = YES;
				CLANG_ENABLE_OBJC_ARC = YES;
				CLANG_ENABLE_OBJC_WEAK = YES;
				CLANG_WARN_BLOCK_CAPTURE_AUTORELEASING = YES;
				CLANG_WARN_BOOL_CONVERSION = YES;
				CLANG_WARN_COMMA = YES;
				CLANG_WARN_CONSTANT_CONVERSION = YES;
				CLANG_WARN_DEPRECATED_OBJC_IMPLEMENTATIONS = YES;
				CLANG_WARN_DIRECT_OBJC_ISA_USAGE = YES_ERROR;
				CLANG_WARN_DOCUMENTATION_COMMENTS = YES;
				CLANG_WARN_EMPTY_BODY = YES;
				CLANG_WARN_ENUM_CONVERSION = YES;
				CLANG_WARN_INFINITE_RECURSION = YES;
				CLANG_WARN_INT_CONVERSION = YES;
				CLANG_WARN_NON_LITERAL_NULL_CONVERSION = YES;
				CLANG_WARN_OBJC_IMPLICIT_RETAIN_SELF = YES;
				CLANG_WARN_OBJC_LITERAL_CONVERSION = YES;
				CLANG_WARN_OBJC_ROOT_CLASS = YES_ERROR;
				CLANG_WARN_RANGE_LOOP_ANALYSIS = YES;
				CLANG_WARN_STRICT_PROTOTYPES = YES;
				CLANG_WARN_SUSPICIOUS_MOVE = YES;
				CLANG_WARN_UNGUARDED_AVAILABILITY = YES_AGGRESSIVE;
				CLANG_WARN_UNREACHABLE_CODE = YES;
				CLANG_WARN__DUPLICATE_METHOD_MATCH = YES;
				COPY_PHASE_STRIP = NO;
				DEBUG_INFORMATION_FORMAT = "dwarf-with-dsym";
				ENABLE_NS_ASSERTIONS = NO;
				ENABLE_STRICT_OBJC_MSGSEND = YES;
				GCC_C_LANGUAGE_STANDARD = gnu11;
				GCC_NO_COMMON_BLOCKS = YES;
				GCC_WARN_64_TO_32_BIT_CONVERSION = YES;
				GCC_WARN_ABOUT_RETURN_TYPE = YES_ERROR;
				GCC_WARN_UNDECLARED_SELECTOR = YES;
				GCC_WARN_UNINITIALIZED_AUTOS = YES_AGGRESSIVE;
				GCC_WARN_UNUSED_FUNCTION = YES;
				GCC_WARN_UNUSED_VARIABLE = YES;
				IPHONEOS_DEPLOYMENT_TARGET = 13.2;
				MTL_ENABLE_DEBUG_INFO = NO;
				MTL_FAST_MATH = YES;
				SDKROOT = iphoneos;
				SWIFT_COMPILATION_MODE = wholemodule;
				SWIFT_OPTIMIZATION_LEVEL = "-O";
				VALIDATE_PRODUCT = YES;
			};
			name = Release;
		};
		236C7B2B24FDFC7C00BA9238 /* Debug */ = {
			isa = XCBuildConfiguration;
			buildSettings = {
				ASSETCATALOG_COMPILER_APPICON_NAME = AppIcon;
				CODE_SIGN_STYLE = Automatic;
				DEVELOPMENT_TEAM = N9QAC9YPTV;
				INFOPLIST_FILE = PopupQueue/Info.plist;
				LD_RUNPATH_SEARCH_PATHS = (
					"$(inherited)",
					"@executable_path/Frameworks",
				);
				PRODUCT_BUNDLE_IDENTIFIER = com.liangliang.PopupQueue;
				PRODUCT_NAME = "$(TARGET_NAME)";
				SWIFT_VERSION = 5.0;
				TARGETED_DEVICE_FAMILY = "1,2";
			};
			name = Debug;
		};
		236C7B2C24FDFC7C00BA9238 /* Release */ = {
			isa = XCBuildConfiguration;
			buildSettings = {
				ASSETCATALOG_COMPILER_APPICON_NAME = AppIcon;
				CODE_SIGN_STYLE = Automatic;
				DEVELOPMENT_TEAM = N9QAC9YPTV;
				INFOPLIST_FILE = PopupQueue/Info.plist;
				LD_RUNPATH_SEARCH_PATHS = (
					"$(inherited)",
					"@executable_path/Frameworks",
				);
				PRODUCT_BUNDLE_IDENTIFIER = com.liangliang.PopupQueue;
				PRODUCT_NAME = "$(TARGET_NAME)";
				SWIFT_VERSION = 5.0;
				TARGETED_DEVICE_FAMILY = "1,2";
			};
			name = Release;
		};
		236C7B2E24FDFC7C00BA9238 /* Debug */ = {
			isa = XCBuildConfiguration;
			buildSettings = {
				ALWAYS_EMBED_SWIFT_STANDARD_LIBRARIES = YES;
				BUNDLE_LOADER = "$(TEST_HOST)";
				CODE_SIGN_STYLE = Automatic;
				DEVELOPMENT_TEAM = N9QAC9YPTV;
				INFOPLIST_FILE = PopupQueueTests/Info.plist;
				IPHONEOS_DEPLOYMENT_TARGET = 13.2;
				LD_RUNPATH_SEARCH_PATHS = (
					"$(inherited)",
					"@executable_path/Frameworks",
					"@loader_path/Frameworks",
				);
				PRODUCT_BUNDLE_IDENTIFIER = com.liangliang.PopupQueueTests;
				PRODUCT_NAME = "$(TARGET_NAME)";
				SWIFT_VERSION = 5.0;
				TARGETED_DEVICE_FAMILY = "1,2";
				TEST_HOST = "$(BUILT_PRODUCTS_DIR)/PopupQueue.app/PopupQueue";
			};
			name = Debug;
		};
		236C7B2F24FDFC7C00BA9238 /* Release */ = {
			isa = XCBuildConfiguration;
			buildSettings = {
				ALWAYS_EMBED_SWIFT_STANDARD_LIBRARIES = YES;
				BUNDLE_LOADER = "$(TEST_HOST)";
				CODE_SIGN_STYLE = Automatic;
				DEVELOPMENT_TEAM = N9QAC9YPTV;
				INFOPLIST_FILE = PopupQueueTests/Info.plist;
				IPHONEOS_DEPLOYMENT_TARGET = 13.2;
				LD_RUNPATH_SEARCH_PATHS = (
					"$(inherited)",
					"@executable_path/Frameworks",
					"@loader_path/Frameworks",
				);
				PRODUCT_BUNDLE_IDENTIFIER = com.liangliang.PopupQueueTests;
				PRODUCT_NAME = "$(TARGET_NAME)";
				SWIFT_VERSION = 5.0;
				TARGETED_DEVICE_FAMILY = "1,2";
				TEST_HOST = "$(BUILT_PRODUCTS_DIR)/PopupQueue.app/PopupQueue";
			};
			name = Release;
		};
/* End XCBuildConfiguration section */

/* Begin XCConfigurationList section */
		236C7B0624FDFC7A00BA9238 /* Build configuration list for PBXProject "PopupQueue" */ = {
			isa = XCConfigurationList;
			buildConfigurations = (
				236C7B2824FDFC7C00BA9238 /* Debug */,
				236C7B2924FDFC7C00BA9238 /* Release */,
			);
			defaultConfigurationIsVisible = 0;
			defaultConfigurationName = Release;
		};
		236C7B2A24FDFC7C00BA9238 /* Build configuration list for PBXNativeTarget "PopupQueue" */ = {
			isa = XCConfigurationList;
			buildConfigurations = (
				236C7B2B24FDFC7C00BA9238 /* Debug */,
				236C7B2C24FDFC7C00BA9238 /* Release */,
			);
			defaultConfigurationIsVisible = 0;
			defaultConfigurationName = Release;
		};
		236C7B2D24FDFC7C00BA9238 /* Build configuration list for PBXNativeTarget "PopupQueueTests" */ = {
			isa = XCConfigurationList;
			buildConfigurations = (
				236C7B2E24FDFC7C00BA9238 /* Debug */,
				236C7B2F24FDFC7C00BA9238 /* Release */,
			);
			defaultConfigurationIsVisible = 0;
			defaultConfigurationName = Release;
		};
/* End XCConfigurationList section */
	};
	rootObject = 236C7B0324FDFC7A00BA9238 /* Project object */;
}
